// !$*UTF8*$!
{
	archiveVersion = 1;
	classes = {
	};
	objectVersion = 46;
	objects = {

/* Begin PBXBuildFile section */
		9020653A1A08093600A2A226 /* Download.swift in Sources */ = {isa = PBXBuildFile; fileRef = 902065391A08093600A2A226 /* Download.swift */; };
		9020653C1A080A6800A2A226 /* APIController.swift in Sources */ = {isa = PBXBuildFile; fileRef = 9020653B1A080A6800A2A226 /* APIController.swift */; };
		902065421A082CF400A2A226 /* Blank52.png in Resources */ = {isa = PBXBuildFile; fileRef = 902065411A082CF400A2A226 /* Blank52.png */; };
		902065441A09453700A2A226 /* DownloadCell.swift in Sources */ = {isa = PBXBuildFile; fileRef = 902065431A09453700A2A226 /* DownloadCell.swift */; };
		902065461A09458800A2A226 /* DownloadCell.xib in Resources */ = {isa = PBXBuildFile; fileRef = 902065451A09458800A2A226 /* DownloadCell.xib */; };
		90F4427B19FEB6700047A86D /* Hmac.swift in Sources */ = {isa = PBXBuildFile; fileRef = 90F4427A19FEB6700047A86D /* Hmac.swift */; };
		90F4429A1A0021C10047A86D /* DownloadViewController.swift in Sources */ = {isa = PBXBuildFile; fileRef = 90F442991A0021C10047A86D /* DownloadViewController.swift */; };
		90F93DE219FD1DAF0028DCF4 /* AppDelegate.swift in Sources */ = {isa = PBXBuildFile; fileRef = 90F93DE119FD1DAF0028DCF4 /* AppDelegate.swift */; };
		90F93DE419FD1DAF0028DCF4 /* WelcomeViewController.swift in Sources */ = {isa = PBXBuildFile; fileRef = 90F93DE319FD1DAF0028DCF4 /* WelcomeViewController.swift */; };
		90F93DE719FD1DAF0028DCF4 /* Main.storyboard in Resources */ = {isa = PBXBuildFile; fileRef = 90F93DE519FD1DAF0028DCF4 /* Main.storyboard */; };
		90F93DE919FD1DAF0028DCF4 /* Images.xcassets in Resources */ = {isa = PBXBuildFile; fileRef = 90F93DE819FD1DAF0028DCF4 /* Images.xcassets */; };
		90F93DEC19FD1DAF0028DCF4 /* LaunchScreen.xib in Resources */ = {isa = PBXBuildFile; fileRef = 90F93DEA19FD1DAF0028DCF4 /* LaunchScreen.xib */; };
		90F93DF819FD1DAF0028DCF4 /* FreeboxClientTests.swift in Sources */ = {isa = PBXBuildFile; fileRef = 90F93DF719FD1DAF0028DCF4 /* FreeboxClientTests.swift */; };
		90F93E0219FD1DE30028DCF4 /* APILoginController.swift in Sources */ = {isa = PBXBuildFile; fileRef = 90F93E0119FD1DE30028DCF4 /* APILoginController.swift */; };
		90F93E0419FD4D310028DCF4 /* Freebox.swift in Sources */ = {isa = PBXBuildFile; fileRef = 90F93E0319FD4D310028DCF4 /* Freebox.swift */; };
/* End PBXBuildFile section */

/* Begin PBXContainerItemProxy section */
		90F93DF219FD1DAF0028DCF4 /* PBXContainerItemProxy */ = {
			isa = PBXContainerItemProxy;
			containerPortal = 90F93DD419FD1DAE0028DCF4 /* Project object */;
			proxyType = 1;
			remoteGlobalIDString = 90F93DDB19FD1DAE0028DCF4;
			remoteInfo = FreeboxClient;
		};
/* End PBXContainerItemProxy section */

/* Begin PBXFileReference section */
		902065391A08093600A2A226 /* Download.swift */ = {isa = PBXFileReference; fileEncoding = 4; lastKnownFileType = sourcecode.swift; path = Download.swift; sourceTree = "<group>"; };
		9020653B1A080A6800A2A226 /* APIController.swift */ = {isa = PBXFileReference; fileEncoding = 4; lastKnownFileType = sourcecode.swift; path = APIController.swift; sourceTree = "<group>"; };
		902065411A082CF400A2A226 /* Blank52.png */ = {isa = PBXFileReference; lastKnownFileType = image.png; path = Blank52.png; sourceTree = "<group>"; };
		902065431A09453700A2A226 /* DownloadCell.swift */ = {isa = PBXFileReference; fileEncoding = 4; lastKnownFileType = sourcecode.swift; path = DownloadCell.swift; sourceTree = "<group>"; };
		902065451A09458800A2A226 /* DownloadCell.xib */ = {isa = PBXFileReference; fileEncoding = 4; lastKnownFileType = file.xib; path = DownloadCell.xib; sourceTree = "<group>"; };
		90F4427719FEB5AE0047A86D /* FreeboxClient-Bridging-Header.h */ = {isa = PBXFileReference; lastKnownFileType = sourcecode.c.h; path = "FreeboxClient-Bridging-Header.h"; sourceTree = "<group>"; };
		90F4427A19FEB6700047A86D /* Hmac.swift */ = {isa = PBXFileReference; fileEncoding = 4; lastKnownFileType = sourcecode.swift; name = Hmac.swift; path = ../Hmac.swift; sourceTree = "<group>"; };
		90F442991A0021C10047A86D /* DownloadViewController.swift */ = {isa = PBXFileReference; fileEncoding = 4; lastKnownFileType = sourcecode.swift; path = DownloadViewController.swift; sourceTree = "<group>"; };
		90F93DDC19FD1DAE0028DCF4 /* FreeboxClient.app */ = {isa = PBXFileReference; explicitFileType = wrapper.application; includeInIndex = 0; path = FreeboxClient.app; sourceTree = BUILT_PRODUCTS_DIR; };
		90F93DE019FD1DAF0028DCF4 /* Info.plist */ = {isa = PBXFileReference; lastKnownFileType = text.plist.xml; path = Info.plist; sourceTree = "<group>"; };
		90F93DE119FD1DAF0028DCF4 /* AppDelegate.swift */ = {isa = PBXFileReference; lastKnownFileType = sourcecode.swift; path = AppDelegate.swift; sourceTree = "<group>"; };
		90F93DE319FD1DAF0028DCF4 /* WelcomeViewController.swift */ = {isa = PBXFileReference; lastKnownFileType = sourcecode.swift; path = WelcomeViewController.swift; sourceTree = "<group>"; };
		90F93DE619FD1DAF0028DCF4 /* Base */ = {isa = PBXFileReference; lastKnownFileType = file.storyboard; name = Base; path = Base.lproj/Main.storyboard; sourceTree = "<group>"; };
		90F93DE819FD1DAF0028DCF4 /* Images.xcassets */ = {isa = PBXFileReference; lastKnownFileType = folder.assetcatalog; path = Images.xcassets; sourceTree = "<group>"; };
		90F93DEB19FD1DAF0028DCF4 /* Base */ = {isa = PBXFileReference; lastKnownFileType = file.xib; name = Base; path = Base.lproj/LaunchScreen.xib; sourceTree = "<group>"; };
		90F93DF119FD1DAF0028DCF4 /* FreeboxClientTests.xctest */ = {isa = PBXFileReference; explicitFileType = wrapper.cfbundle; includeInIndex = 0; path = FreeboxClientTests.xctest; sourceTree = BUILT_PRODUCTS_DIR; };
		90F93DF619FD1DAF0028DCF4 /* Info.plist */ = {isa = PBXFileReference; lastKnownFileType = text.plist.xml; path = Info.plist; sourceTree = "<group>"; };
		90F93DF719FD1DAF0028DCF4 /* FreeboxClientTests.swift */ = {isa = PBXFileReference; lastKnownFileType = sourcecode.swift; path = FreeboxClientTests.swift; sourceTree = "<group>"; };
		90F93E0119FD1DE30028DCF4 /* APILoginController.swift */ = {isa = PBXFileReference; fileEncoding = 4; lastKnownFileType = sourcecode.swift; path = APILoginController.swift; sourceTree = "<group>"; };
		90F93E0319FD4D310028DCF4 /* Freebox.swift */ = {isa = PBXFileReference; fileEncoding = 4; lastKnownFileType = sourcecode.swift; path = Freebox.swift; sourceTree = "<group>"; };
/* End PBXFileReference section */

/* Begin PBXFrameworksBuildPhase section */
		90F93DD919FD1DAE0028DCF4 /* Frameworks */ = {
			isa = PBXFrameworksBuildPhase;
			buildActionMask = 2147483647;
			files = (
			);
			runOnlyForDeploymentPostprocessing = 0;
		};
		90F93DEE19FD1DAF0028DCF4 /* Frameworks */ = {
			isa = PBXFrameworksBuildPhase;
			buildActionMask = 2147483647;
			files = (
			);
			runOnlyForDeploymentPostprocessing = 0;
		};
/* End PBXFrameworksBuildPhase section */

/* Begin PBXGroup section */
		90F93DD319FD1DAE0028DCF4 = {
			isa = PBXGroup;
			children = (
				902065411A082CF400A2A226 /* Blank52.png */,
				90F93DDE19FD1DAE0028DCF4 /* FreeboxClient */,
				90F93DF419FD1DAF0028DCF4 /* FreeboxClientTests */,
				90F93DDD19FD1DAE0028DCF4 /* Products */,
				90F4427719FEB5AE0047A86D /* FreeboxClient-Bridging-Header.h */,
			);
			sourceTree = "<group>";
		};
		90F93DDD19FD1DAE0028DCF4 /* Products */ = {
			isa = PBXGroup;
			children = (
				90F93DDC19FD1DAE0028DCF4 /* FreeboxClient.app */,
				90F93DF119FD1DAF0028DCF4 /* FreeboxClientTests.xctest */,
			);
			name = Products;
			sourceTree = "<group>";
		};
		90F93DDE19FD1DAE0028DCF4 /* FreeboxClient */ = {
			isa = PBXGroup;
			children = (
				90F93DE119FD1DAF0028DCF4 /* AppDelegate.swift */,
				90F93E0119FD1DE30028DCF4 /* APILoginController.swift */,
				90F93E0319FD4D310028DCF4 /* Freebox.swift */,
				90F93DE319FD1DAF0028DCF4 /* WelcomeViewController.swift */,
				9020653B1A080A6800A2A226 /* APIController.swift */,
				902065391A08093600A2A226 /* Download.swift */,
				90F442991A0021C10047A86D /* DownloadViewController.swift */,
				902065431A09453700A2A226 /* DownloadCell.swift */,
				902065451A09458800A2A226 /* DownloadCell.xib */,
				90F4427A19FEB6700047A86D /* Hmac.swift */,
				90F93DE519FD1DAF0028DCF4 /* Main.storyboard */,
				90F93DE819FD1DAF0028DCF4 /* Images.xcassets */,
				90F93DEA19FD1DAF0028DCF4 /* LaunchScreen.xib */,
				90F93DDF19FD1DAE0028DCF4 /* Supporting Files */,
			);
			path = FreeboxClient;
			sourceTree = "<group>";
		};
		90F93DDF19FD1DAE0028DCF4 /* Supporting Files */ = {
			isa = PBXGroup;
			children = (
				90F93DE019FD1DAF0028DCF4 /* Info.plist */,
			);
			name = "Supporting Files";
			sourceTree = "<group>";
		};
		90F93DF419FD1DAF0028DCF4 /* FreeboxClientTests */ = {
			isa = PBXGroup;
			children = (
				90F93DF719FD1DAF0028DCF4 /* FreeboxClientTests.swift */,
				90F93DF519FD1DAF0028DCF4 /* Supporting Files */,
			);
			path = FreeboxClientTests;
			sourceTree = "<group>";
		};
		90F93DF519FD1DAF0028DCF4 /* Supporting Files */ = {
			isa = PBXGroup;
			children = (
				90F93DF619FD1DAF0028DCF4 /* Info.plist */,
			);
			name = "Supporting Files";
			sourceTree = "<group>";
		};
/* End PBXGroup section */

/* Begin PBXNativeTarget section */
		90F93DDB19FD1DAE0028DCF4 /* FreeboxClient */ = {
			isa = PBXNativeTarget;
			buildConfigurationList = 90F93DFB19FD1DAF0028DCF4 /* Build configuration list for PBXNativeTarget "FreeboxClient" */;
			buildPhases = (
				90F93DD819FD1DAE0028DCF4 /* Sources */,
				90F93DD919FD1DAE0028DCF4 /* Frameworks */,
				90F93DDA19FD1DAE0028DCF4 /* Resources */,
			);
			buildRules = (
			);
			dependencies = (
			);
			name = FreeboxClient;
			productName = FreeboxClient;
			productReference = 90F93DDC19FD1DAE0028DCF4 /* FreeboxClient.app */;
			productType = "com.apple.product-type.application";
		};
		90F93DF019FD1DAF0028DCF4 /* FreeboxClientTests */ = {
			isa = PBXNativeTarget;
			buildConfigurationList = 90F93DFE19FD1DAF0028DCF4 /* Build configuration list for PBXNativeTarget "FreeboxClientTests" */;
			buildPhases = (
				90F93DED19FD1DAF0028DCF4 /* Sources */,
				90F93DEE19FD1DAF0028DCF4 /* Frameworks */,
				90F93DEF19FD1DAF0028DCF4 /* Resources */,
			);
			buildRules = (
			);
			dependencies = (
				90F93DF319FD1DAF0028DCF4 /* PBXTargetDependency */,
			);
			name = FreeboxClientTests;
			productName = FreeboxClientTests;
			productReference = 90F93DF119FD1DAF0028DCF4 /* FreeboxClientTests.xctest */;
			productType = "com.apple.product-type.bundle.unit-test";
		};
/* End PBXNativeTarget section */

/* Begin PBXProject section */
		90F93DD419FD1DAE0028DCF4 /* Project object */ = {
			isa = PBXProject;
			attributes = {
				LastUpgradeCheck = 0610;
				ORGANIZATIONNAME = "Romain Hild";
				TargetAttributes = {
					90F93DDB19FD1DAE0028DCF4 = {
						CreatedOnToolsVersion = 6.1;
					};
					90F93DF019FD1DAF0028DCF4 = {
						CreatedOnToolsVersion = 6.1;
						TestTargetID = 90F93DDB19FD1DAE0028DCF4;
					};
				};
			};
			buildConfigurationList = 90F93DD719FD1DAE0028DCF4 /* Build configuration list for PBXProject "FreeboxClient" */;
			compatibilityVersion = "Xcode 3.2";
			developmentRegion = English;
			hasScannedForEncodings = 0;
			knownRegions = (
				en,
				Base,
			);
			mainGroup = 90F93DD319FD1DAE0028DCF4;
			productRefGroup = 90F93DDD19FD1DAE0028DCF4 /* Products */;
			projectDirPath = "";
			projectRoot = "";
			targets = (
				90F93DDB19FD1DAE0028DCF4 /* FreeboxClient */,
				90F93DF019FD1DAF0028DCF4 /* FreeboxClientTests */,
			);
		};
/* End PBXProject section */

/* Begin PBXResourcesBuildPhase section */
		90F93DDA19FD1DAE0028DCF4 /* Resources */ = {
			isa = PBXResourcesBuildPhase;
			buildActionMask = 2147483647;
			files = (
				90F93DE719FD1DAF0028DCF4 /* Main.storyboard in Resources */,
				902065421A082CF400A2A226 /* Blank52.png in Resources */,
				902065461A09458800A2A226 /* DownloadCell.xib in Resources */,
				90F93DEC19FD1DAF0028DCF4 /* LaunchScreen.xib in Resources */,
				90F93DE919FD1DAF0028DCF4 /* Images.xcassets in Resources */,
			);
			runOnlyForDeploymentPostprocessing = 0;
		};
		90F93DEF19FD1DAF0028DCF4 /* Resources */ = {
			isa = PBXResourcesBuildPhase;
			buildActionMask = 2147483647;
			files = (
			);
			runOnlyForDeploymentPostprocessing = 0;
		};
/* End PBXResourcesBuildPhase section */

/* Begin PBXSourcesBuildPhase section */
		90F93DD819FD1DAE0028DCF4 /* Sources */ = {
			isa = PBXSourcesBuildPhase;
			buildActionMask = 2147483647;
			files = (
				90F4427B19FEB6700047A86D /* Hmac.swift in Sources */,
				90F93DE419FD1DAF0028DCF4 /* WelcomeViewController.swift in Sources */,
				90F93DE219FD1DAF0028DCF4 /* AppDelegate.swift in Sources */,
				90F93E0219FD1DE30028DCF4 /* APILoginController.swift in Sources */,
				9020653C1A080A6800A2A226 /* APIController.swift in Sources */,
				90F4429A1A0021C10047A86D /* DownloadViewController.swift in Sources */,
				9020653A1A08093600A2A226 /* Download.swift in Sources */,
				90F93E0419FD4D310028DCF4 /* Freebox.swift in Sources */,
				902065441A09453700A2A226 /* DownloadCell.swift in Sources */,
			);
			runOnlyForDeploymentPostprocessing = 0;
		};
		90F93DED19FD1DAF0028DCF4 /* Sources */ = {
			isa = PBXSourcesBuildPhase;
			buildActionMask = 2147483647;
			files = (
				90F93DF819FD1DAF0028DCF4 /* FreeboxClientTests.swift in Sources */,
			);
			runOnlyForDeploymentPostprocessing = 0;
		};
/* End PBXSourcesBuildPhase section */

/* Begin PBXTargetDependency section */
		90F93DF319FD1DAF0028DCF4 /* PBXTargetDependency */ = {
			isa = PBXTargetDependency;
			target = 90F93DDB19FD1DAE0028DCF4 /* FreeboxClient */;
			targetProxy = 90F93DF219FD1DAF0028DCF4 /* PBXContainerItemProxy */;
		};
/* End PBXTargetDependency section */

/* Begin PBXVariantGroup section */
		90F93DE519FD1DAF0028DCF4 /* Main.storyboard */ = {
			isa = PBXVariantGroup;
			children = (
				90F93DE619FD1DAF0028DCF4 /* Base */,
			);
			name = Main.storyboard;
			sourceTree = "<group>";
		};
		90F93DEA19FD1DAF0028DCF4 /* LaunchScreen.xib */ = {
			isa = PBXVariantGroup;
			children = (
				90F93DEB19FD1DAF0028DCF4 /* Base */,
			);
			name = LaunchScreen.xib;
			sourceTree = "<group>";
		};
/* End PBXVariantGroup section */

/* Begin XCBuildConfiguration section */
		90F93DF919FD1DAF0028DCF4 /* Debug */ = {
			isa = XCBuildConfiguration;
			buildSettings = {
				ALWAYS_SEARCH_USER_PATHS = NO;
				CLANG_CXX_LANGUAGE_STANDARD = "gnu++0x";
				CLANG_CXX_LIBRARY = "libc++";
				CLANG_ENABLE_MODULES = YES;
				CLANG_ENABLE_OBJC_ARC = YES;
				CLANG_WARN_BOOL_CONVERSION = YES;
				CLANG_WARN_CONSTANT_CONVERSION = YES;
				CLANG_WARN_DIRECT_OBJC_ISA_USAGE = YES_ERROR;
				CLANG_WARN_EMPTY_BODY = YES;
				CLANG_WARN_ENUM_CONVERSION = YES;
				CLANG_WARN_INT_CONVERSION = YES;
				CLANG_WARN_OBJC_ROOT_CLASS = YES_ERROR;
				CLANG_WARN_UNREACHABLE_CODE = YES;
				CLANG_WARN__DUPLICATE_METHOD_MATCH = YES;
				"CODE_SIGN_IDENTITY[sdk=iphoneos*]" = "iPhone Developer";
				COPY_PHASE_STRIP = NO;
				ENABLE_STRICT_OBJC_MSGSEND = YES;
				GCC_C_LANGUAGE_STANDARD = gnu99;
				GCC_DYNAMIC_NO_PIC = NO;
				GCC_OPTIMIZATION_LEVEL = 0;
				GCC_PREPROCESSOR_DEFINITIONS = (
					"DEBUG=1",
					"$(inherited)",
				);
				GCC_SYMBOLS_PRIVATE_EXTERN = NO;
				GCC_WARN_64_TO_32_BIT_CONVERSION = YES;
				GCC_WARN_ABOUT_RETURN_TYPE = YES_ERROR;
				GCC_WARN_UNDECLARED_SELECTOR = YES;
				GCC_WARN_UNINITIALIZED_AUTOS = YES_AGGRESSIVE;
				GCC_WARN_UNUSED_FUNCTION = YES;
				GCC_WARN_UNUSED_VARIABLE = YES;
				IPHONEOS_DEPLOYMENT_TARGET = 8.1;
				MTL_ENABLE_DEBUG_INFO = YES;
				ONLY_ACTIVE_ARCH = YES;
				SDKROOT = iphoneos;
				SWIFT_OPTIMIZATION_LEVEL = "-Onone";
			};
			name = Debug;
		};
		90F93DFA19FD1DAF0028DCF4 /* Release */ = {
			isa = XCBuildConfiguration;
			buildSettings = {
				ALWAYS_SEARCH_USER_PATHS = NO;
				CLANG_CXX_LANGUAGE_STANDARD = "gnu++0x";
				CLANG_CXX_LIBRARY = "libc++";
				CLANG_ENABLE_MODULES = YES;
				CLANG_ENABLE_OBJC_ARC = YES;
				CLANG_WARN_BOOL_CONVERSION = YES;
				CLANG_WARN_CONSTANT_CONVERSION = YES;
				CLANG_WARN_DIRECT_OBJC_ISA_USAGE = YES_ERROR;
				CLANG_WARN_EMPTY_BODY = YES;
				CLANG_WARN_ENUM_CONVERSION = YES;
				CLANG_WARN_INT_CONVERSION = YES;
				CLANG_WARN_OBJC_ROOT_CLASS = YES_ERROR;
				CLANG_WARN_UNREACHABLE_CODE = YES;
				CLANG_WARN__DUPLICATE_METHOD_MATCH = YES;
				"CODE_SIGN_IDENTITY[sdk=iphoneos*]" = "iPhone Developer";
				COPY_PHASE_STRIP = YES;
				ENABLE_NS_ASSERTIONS = NO;
				ENABLE_STRICT_OBJC_MSGSEND = YES;
				GCC_C_LANGUAGE_STANDARD = gnu99;
				GCC_WARN_64_TO_32_BIT_CONVERSION = YES;
				GCC_WARN_ABOUT_RETURN_TYPE = YES_ERROR;
				GCC_WARN_UNDECLARED_SELECTOR = YES;
				GCC_WARN_UNINITIALIZED_AUTOS = YES_AGGRESSIVE;
				GCC_WARN_UNUSED_FUNCTION = YES;
				GCC_WARN_UNUSED_VARIABLE = YES;
				IPHONEOS_DEPLOYMENT_TARGET = 8.1;
				MTL_ENABLE_DEBUG_INFO = NO;
				SDKROOT = iphoneos;
				VALIDATE_PRODUCT = YES;
			};
			name = Release;
		};
		90F93DFC19FD1DAF0028DCF4 /* Debug */ = {
			isa = XCBuildConfiguration;
			buildSettings = {
				ASSETCATALOG_COMPILER_APPICON_NAME = AppIcon;
				CLANG_ENABLE_MODULES = YES;
				INFOPLIST_FILE = FreeboxClient/Info.plist;
				LD_RUNPATH_SEARCH_PATHS = "$(inherited) @executable_path/Frameworks";
				PRODUCT_NAME = "$(TARGET_NAME)";
				SWIFT_OBJC_BRIDGING_HEADER = "FreeboxClient-Bridging-Header.h";
				SWIFT_OPTIMIZATION_LEVEL = "-Onone";
			};
			name = Debug;
		};
		90F93DFD19FD1DAF0028DCF4 /* Release */ = {
			isa = XCBuildConfiguration;
			buildSettings = {
				ASSETCATALOG_COMPILER_APPICON_NAME = AppIcon;
				CLANG_ENABLE_MODULES = YES;
				INFOPLIST_FILE = FreeboxClient/Info.plist;
				LD_RUNPATH_SEARCH_PATHS = "$(inherited) @executable_path/Frameworks";
				PRODUCT_NAME = "$(TARGET_NAME)";
				SWIFT_OBJC_BRIDGING_HEADER = "FreeboxClient-Bridging-Header.h";
			};
			name = Release;
		};
		90F93DFF19FD1DAF0028DCF4 /* Debug */ = {
			isa = XCBuildConfiguration;
			buildSettings = {
				BUNDLE_LOADER = "$(TEST_HOST)";
				FRAMEWORK_SEARCH_PATHS = (
					"$(SDKROOT)/Developer/Library/Frameworks",
					"$(inherited)",
				);
				GCC_PREPROCESSOR_DEFINITIONS = (
					"DEBUG=1",
					"$(inherited)",
				);
				INFOPLIST_FILE = FreeboxClientTests/Info.plist;
				LD_RUNPATH_SEARCH_PATHS = "$(inherited) @executable_path/Frameworks @loader_path/Frameworks";
				PRODUCT_NAME = "$(TARGET_NAME)";
				TEST_HOST = "$(BUILT_PRODUCTS_DIR)/FreeboxClient.app/FreeboxClient";
			};
			name = Debug;
		};
		90F93E0019FD1DAF0028DCF4 /* Release */ = {
			isa = XCBuildConfiguration;
			buildSettings = {
				BUNDLE_LOADER = "$(TEST_HOST)";
				FRAMEWORK_SEARCH_PATHS = (
					"$(SDKROOT)/Developer/Library/Frameworks",
					"$(inherited)",
				);
				INFOPLIST_FILE = FreeboxClientTests/Info.plist;
				LD_RUNPATH_SEARCH_PATHS = "$(inherited) @executable_path/Frameworks @loader_path/Frameworks";
				PRODUCT_NAME = "$(TARGET_NAME)";
				TEST_HOST = "$(BUILT_PRODUCTS_DIR)/FreeboxClient.app/FreeboxClient";
			};
			name = Release;
		};
/* End XCBuildConfiguration section */

/* Begin XCConfigurationList section */
		90F93DD719FD1DAE0028DCF4 /* Build configuration list for PBXProject "FreeboxClient" */ = {
			isa = XCConfigurationList;
			buildConfigurations = (
				90F93DF919FD1DAF0028DCF4 /* Debug */,
				90F93DFA19FD1DAF0028DCF4 /* Release */,
			);
			defaultConfigurationIsVisible = 0;
			defaultConfigurationName = Release;
		};
		90F93DFB19FD1DAF0028DCF4 /* Build configuration list for PBXNativeTarget "FreeboxClient" */ = {
			isa = XCConfigurationList;
			buildConfigurations = (
				90F93DFC19FD1DAF0028DCF4 /* Debug */,
				90F93DFD19FD1DAF0028DCF4 /* Release */,
			);
			defaultConfigurationIsVisible = 0;
			defaultConfigurationName = Release;
		};
		90F93DFE19FD1DAF0028DCF4 /* Build configuration list for PBXNativeTarget "FreeboxClientTests" */ = {
			isa = XCConfigurationList;
			buildConfigurations = (
				90F93DFF19FD1DAF0028DCF4 /* Debug */,
				90F93E0019FD1DAF0028DCF4 /* Release */,
			);
			defaultConfigurationIsVisible = 0;
			defaultConfigurationName = Release;
		};
/* End XCConfigurationList section */
	};
	rootObject = 90F93DD419FD1DAE0028DCF4 /* Project object */;
}
